[root]
name = "matrix"
version = "1.0.0"
dependencies = [
 "ncurses 5.71.1 (git+https://github.com/jeaye/ncurses-rs.git)",
 "rand 0.1.2 (registry+https://github.com/rust-lang/crates.io-index)",
]

[[package]]
name = "libc"
version = "0.1.2"
source = "registry+https://github.com/rust-lang/crates.io-index"

[[package]]
name = "log"
version = "0.2.3"
source = "registry+https://github.com/rust-lang/crates.io-index"

[[package]]
name = "ncurses"
version = "5.71.1"
source = "git+https://github.com/jeaye/ncurses-rs.git#89ad3e1b0879d734650d093780cc9751dea589da"

[[package]]
name = "rand"
version = "0.1.2"
source = "registry+https://github.com/rust-lang/crates.io-index"
dependencies = [
 "libc 0.1.2 (registry+https://github.com/rust-lang/crates.io-index)",
 "log 0.2.3 (registry+https://github.com/rust-lang/crates.io-index)",
]

